// !$*UTF8*$!
{
	archiveVersion = 1;
	classes = {
	};
	objectVersion = 46;
	objects = {

/* Begin PBXBuildFile section */
		854340581DF8AB0500E49443 /* Entry+CoreDataProperties.swift in Sources */ = {isa = PBXBuildFile; fileRef = 854340561DF8AB0500E49443 /* Entry+CoreDataProperties.swift */; };
		854340591DF8AB0500E49443 /* Entry.swift in Sources */ = {isa = PBXBuildFile; fileRef = 854340571DF8AB0500E49443 /* Entry.swift */; };
		856E66601DF9C4E800AF5070 /* EntryFetchedResultsController.swift in Sources */ = {isa = PBXBuildFile; fileRef = 856E665F1DF9C4E800AF5070 /* EntryFetchedResultsController.swift */; };
		856E66691DF9DEDD00AF5070 /* EntryDataSource.swift in Sources */ = {isa = PBXBuildFile; fileRef = 856E66681DF9DEDD00AF5070 /* EntryDataSource.swift */; };
		857E1A2A1DFDAF6C0099918F /* LocationManager.swift in Sources */ = {isa = PBXBuildFile; fileRef = 857E1A291DFDAF6C0099918F /* LocationManager.swift */; };
		857E1A3D1DFF1D1F0099918F /* Location+CoreDataProperties.swift in Sources */ = {isa = PBXBuildFile; fileRef = 857E1A3B1DFF1D1F0099918F /* Location+CoreDataProperties.swift */; };
		857E1A3E1DFF1D1F0099918F /* Location.swift in Sources */ = {isa = PBXBuildFile; fileRef = 857E1A3C1DFF1D1F0099918F /* Location.swift */; };
		85AD0CA51DF7729500810AB4 /* AppDelegate.swift in Sources */ = {isa = PBXBuildFile; fileRef = 85AD0CA41DF7729500810AB4 /* AppDelegate.swift */; };
		85AD0CA71DF7729500810AB4 /* EntryListController.swift in Sources */ = {isa = PBXBuildFile; fileRef = 85AD0CA61DF7729500810AB4 /* EntryListController.swift */; };
		85AD0CAD1DF7729500810AB4 /* DiaryApp.xcdatamodeld in Sources */ = {isa = PBXBuildFile; fileRef = 85AD0CAB1DF7729500810AB4 /* DiaryApp.xcdatamodeld */; };
		85AD0CAF1DF7729500810AB4 /* Assets.xcassets in Resources */ = {isa = PBXBuildFile; fileRef = 85AD0CAE1DF7729500810AB4 /* Assets.xcassets */; };
		85AD0CB21DF7729500810AB4 /* LaunchScreen.storyboard in Resources */ = {isa = PBXBuildFile; fileRef = 85AD0CB01DF7729500810AB4 /* LaunchScreen.storyboard */; };
		85AD0CBD1DF7729500810AB4 /* DiaryAppTests.swift in Sources */ = {isa = PBXBuildFile; fileRef = 85AD0CBC1DF7729500810AB4 /* DiaryAppTests.swift */; };
		85E43F5E1DF779C600261126 /* SplitViewController.swift in Sources */ = {isa = PBXBuildFile; fileRef = 85E43F5D1DF779C600261126 /* SplitViewController.swift */; };
		85E43F601DF77AAF00261126 /* EntryViewController.swift in Sources */ = {isa = PBXBuildFile; fileRef = 85E43F5F1DF77AAF00261126 /* EntryViewController.swift */; };
/* End PBXBuildFile section */

/* Begin PBXContainerItemProxy section */
		85AD0CB91DF7729500810AB4 /* PBXContainerItemProxy */ = {
			isa = PBXContainerItemProxy;
			containerPortal = 85AD0C991DF7729400810AB4 /* Project object */;
			proxyType = 1;
			remoteGlobalIDString = 85AD0CA01DF7729400810AB4;
			remoteInfo = DiaryApp;
		};
/* End PBXContainerItemProxy section */

/* Begin PBXFileReference section */
		854340561DF8AB0500E49443 /* Entry+CoreDataProperties.swift */ = {isa = PBXFileReference; fileEncoding = 4; lastKnownFileType = sourcecode.swift; name = "Entry+CoreDataProperties.swift"; path = "../Entry+CoreDataProperties.swift"; sourceTree = "<group>"; };
		854340571DF8AB0500E49443 /* Entry.swift */ = {isa = PBXFileReference; fileEncoding = 4; lastKnownFileType = sourcecode.swift; name = Entry.swift; path = ../Entry.swift; sourceTree = "<group>"; };
		856E665F1DF9C4E800AF5070 /* EntryFetchedResultsController.swift */ = {isa = PBXFileReference; fileEncoding = 4; lastKnownFileType = sourcecode.swift; path = EntryFetchedResultsController.swift; sourceTree = "<group>"; };
		856E66681DF9DEDD00AF5070 /* EntryDataSource.swift */ = {isa = PBXFileReference; fileEncoding = 4; lastKnownFileType = sourcecode.swift; path = EntryDataSource.swift; sourceTree = "<group>"; };
		857E1A291DFDAF6C0099918F /* LocationManager.swift */ = {isa = PBXFileReference; fileEncoding = 4; lastKnownFileType = sourcecode.swift; path = LocationManager.swift; sourceTree = "<group>"; };
		857E1A3B1DFF1D1F0099918F /* Location+CoreDataProperties.swift */ = {isa = PBXFileReference; fileEncoding = 4; lastKnownFileType = sourcecode.swift; name = "Location+CoreDataProperties.swift"; path = "../Location+CoreDataProperties.swift"; sourceTree = "<group>"; };
		857E1A3C1DFF1D1F0099918F /* Location.swift */ = {isa = PBXFileReference; fileEncoding = 4; lastKnownFileType = sourcecode.swift; name = Location.swift; path = ../Location.swift; sourceTree = "<group>"; };
		85AD0CA11DF7729400810AB4 /* DiaryApp.app */ = {isa = PBXFileReference; explicitFileType = wrapper.application; includeInIndex = 0; path = DiaryApp.app; sourceTree = BUILT_PRODUCTS_DIR; };
		85AD0CA41DF7729500810AB4 /* AppDelegate.swift */ = {isa = PBXFileReference; lastKnownFileType = sourcecode.swift; path = AppDelegate.swift; sourceTree = "<group>"; };
		85AD0CA61DF7729500810AB4 /* EntryListController.swift */ = {isa = PBXFileReference; lastKnownFileType = sourcecode.swift; path = EntryListController.swift; sourceTree = "<group>"; };
		85AD0CAC1DF7729500810AB4 /* DiaryApp.xcdatamodel */ = {isa = PBXFileReference; lastKnownFileType = wrapper.xcdatamodel; path = DiaryApp.xcdatamodel; sourceTree = "<group>"; };
		85AD0CAE1DF7729500810AB4 /* Assets.xcassets */ = {isa = PBXFileReference; lastKnownFileType = folder.assetcatalog; path = Assets.xcassets; sourceTree = "<group>"; };
		85AD0CB11DF7729500810AB4 /* Base */ = {isa = PBXFileReference; lastKnownFileType = file.storyboard; name = Base; path = Base.lproj/LaunchScreen.storyboard; sourceTree = "<group>"; };
		85AD0CB31DF7729500810AB4 /* Info.plist */ = {isa = PBXFileReference; lastKnownFileType = text.plist.xml; path = Info.plist; sourceTree = "<group>"; };
		85AD0CB81DF7729500810AB4 /* DiaryAppTests.xctest */ = {isa = PBXFileReference; explicitFileType = wrapper.cfbundle; includeInIndex = 0; path = DiaryAppTests.xctest; sourceTree = BUILT_PRODUCTS_DIR; };
		85AD0CBC1DF7729500810AB4 /* DiaryAppTests.swift */ = {isa = PBXFileReference; lastKnownFileType = sourcecode.swift; path = DiaryAppTests.swift; sourceTree = "<group>"; };
		85AD0CBE1DF7729500810AB4 /* Info.plist */ = {isa = PBXFileReference; lastKnownFileType = text.plist.xml; path = Info.plist; sourceTree = "<group>"; };
		85E43F5D1DF779C600261126 /* SplitViewController.swift */ = {isa = PBXFileReference; fileEncoding = 4; lastKnownFileType = sourcecode.swift; path = SplitViewController.swift; sourceTree = "<group>"; };
		85E43F5F1DF77AAF00261126 /* EntryViewController.swift */ = {isa = PBXFileReference; fileEncoding = 4; lastKnownFileType = sourcecode.swift; path = EntryViewController.swift; sourceTree = "<group>"; };
/* End PBXFileReference section */

/* Begin PBXFrameworksBuildPhase section */
		85AD0C9E1DF7729400810AB4 /* Frameworks */ = {
			isa = PBXFrameworksBuildPhase;
			buildActionMask = 2147483647;
			files = (
			);
			runOnlyForDeploymentPostprocessing = 0;
		};
		85AD0CB51DF7729500810AB4 /* Frameworks */ = {
			isa = PBXFrameworksBuildPhase;
			buildActionMask = 2147483647;
			files = (
			);
			runOnlyForDeploymentPostprocessing = 0;
		};
/* End PBXFrameworksBuildPhase section */

/* Begin PBXGroup section */
		8543404D1DF8A9DE00E49443 /* Controller */ = {
			isa = PBXGroup;
			children = (
				85E43F5D1DF779C600261126 /* SplitViewController.swift */,
				85AD0CA61DF7729500810AB4 /* EntryListController.swift */,
				85E43F5F1DF77AAF00261126 /* EntryViewController.swift */,
				856E665F1DF9C4E800AF5070 /* EntryFetchedResultsController.swift */,
			);
			name = Controller;
			sourceTree = "<group>";
		};
		8543405A1DF8AB3A00E49443 /* Model */ = {
			isa = PBXGroup;
			children = (
				85AD0CAB1DF7729500810AB4 /* DiaryApp.xcdatamodeld */,
				856E66681DF9DEDD00AF5070 /* EntryDataSource.swift */,
				854340571DF8AB0500E49443 /* Entry.swift */,
				854340561DF8AB0500E49443 /* Entry+CoreDataProperties.swift */,
				857E1A3C1DFF1D1F0099918F /* Location.swift */,
				857E1A3B1DFF1D1F0099918F /* Location+CoreDataProperties.swift */,
			);
			name = Model;
			sourceTree = "<group>";
		};
		857216971E006A3900ED1B7F /* Helpers */ = {
			isa = PBXGroup;
			children = (
				857E1A291DFDAF6C0099918F /* LocationManager.swift */,
			);
			name = Helpers;
			sourceTree = "<group>";
		};
		85AD0C981DF7729400810AB4 = {
			isa = PBXGroup;
			children = (
				85AD0CA31DF7729500810AB4 /* DiaryApp */,
				85AD0CBB1DF7729500810AB4 /* DiaryAppTests */,
				85AD0CA21DF7729400810AB4 /* Products */,
			);
			sourceTree = "<group>";
		};
		85AD0CA21DF7729400810AB4 /* Products */ = {
			isa = PBXGroup;
			children = (
				85AD0CA11DF7729400810AB4 /* DiaryApp.app */,
				85AD0CB81DF7729500810AB4 /* DiaryAppTests.xctest */,
			);
			name = Products;
			sourceTree = "<group>";
		};
		85AD0CA31DF7729500810AB4 /* DiaryApp */ = {
			isa = PBXGroup;
			children = (
				8543405A1DF8AB3A00E49443 /* Model */,
				8543404D1DF8A9DE00E49443 /* Controller */,
				857216971E006A3900ED1B7F /* Helpers */,
				85AD0CA41DF7729500810AB4 /* AppDelegate.swift */,
				85AD0CAE1DF7729500810AB4 /* Assets.xcassets */,
				85AD0CB01DF7729500810AB4 /* LaunchScreen.storyboard */,
				85AD0CB31DF7729500810AB4 /* Info.plist */,
			);
			path = DiaryApp;
			sourceTree = "<group>";
		};
		85AD0CBB1DF7729500810AB4 /* DiaryAppTests */ = {
			isa = PBXGroup;
			children = (
				85AD0CBC1DF7729500810AB4 /* DiaryAppTests.swift */,
				85AD0CBE1DF7729500810AB4 /* Info.plist */,
			);
			path = DiaryAppTests;
			sourceTree = "<group>";
		};
/* End PBXGroup section */

/* Begin PBXNativeTarget section */
		85AD0CA01DF7729400810AB4 /* DiaryApp */ = {
			isa = PBXNativeTarget;
			buildConfigurationList = 85AD0CC11DF7729500810AB4 /* Build configuration list for PBXNativeTarget "DiaryApp" */;
			buildPhases = (
				85AD0C9D1DF7729400810AB4 /* Sources */,
				85AD0C9E1DF7729400810AB4 /* Frameworks */,
				85AD0C9F1DF7729400810AB4 /* Resources */,
			);
			buildRules = (
			);
			dependencies = (
			);
			name = DiaryApp;
			productName = DiaryApp;
			productReference = 85AD0CA11DF7729400810AB4 /* DiaryApp.app */;
			productType = "com.apple.product-type.application";
		};
		85AD0CB71DF7729500810AB4 /* DiaryAppTests */ = {
			isa = PBXNativeTarget;
			buildConfigurationList = 85AD0CC41DF7729500810AB4 /* Build configuration list for PBXNativeTarget "DiaryAppTests" */;
			buildPhases = (
				85AD0CB41DF7729500810AB4 /* Sources */,
				85AD0CB51DF7729500810AB4 /* Frameworks */,
				85AD0CB61DF7729500810AB4 /* Resources */,
			);
			buildRules = (
			);
			dependencies = (
				85AD0CBA1DF7729500810AB4 /* PBXTargetDependency */,
			);
			name = DiaryAppTests;
			productName = DiaryAppTests;
			productReference = 85AD0CB81DF7729500810AB4 /* DiaryAppTests.xctest */;
			productType = "com.apple.product-type.bundle.unit-test";
		};
/* End PBXNativeTarget section */

/* Begin PBXProject section */
		85AD0C991DF7729400810AB4 /* Project object */ = {
			isa = PBXProject;
			attributes = {
				LastSwiftUpdateCheck = 0730;
				LastUpgradeCheck = 0730;
				ORGANIZATIONNAME = "Christopher Bonuel";
				TargetAttributes = {
					85AD0CA01DF7729400810AB4 = {
						CreatedOnToolsVersion = 7.3.1;
					};
					85AD0CB71DF7729500810AB4 = {
						CreatedOnToolsVersion = 7.3.1;
						TestTargetID = 85AD0CA01DF7729400810AB4;
					};
				};
			};
			buildConfigurationList = 85AD0C9C1DF7729400810AB4 /* Build configuration list for PBXProject "DiaryApp" */;
			compatibilityVersion = "Xcode 3.2";
			developmentRegion = English;
			hasScannedForEncodings = 0;
			knownRegions = (
				en,
				Base,
			);
			mainGroup = 85AD0C981DF7729400810AB4;
			productRefGroup = 85AD0CA21DF7729400810AB4 /* Products */;
			projectDirPath = "";
			projectRoot = "";
			targets = (
				85AD0CA01DF7729400810AB4 /* DiaryApp */,
				85AD0CB71DF7729500810AB4 /* DiaryAppTests */,
			);
		};
/* End PBXProject section */

/* Begin PBXResourcesBuildPhase section */
		85AD0C9F1DF7729400810AB4 /* Resources */ = {
			isa = PBXResourcesBuildPhase;
			buildActionMask = 2147483647;
			files = (
				85AD0CB21DF7729500810AB4 /* LaunchScreen.storyboard in Resources */,
				85AD0CAF1DF7729500810AB4 /* Assets.xcassets in Resources */,
			);
			runOnlyForDeploymentPostprocessing = 0;
		};
		85AD0CB61DF7729500810AB4 /* Resources */ = {
			isa = PBXResourcesBuildPhase;
			buildActionMask = 2147483647;
			files = (
			);
			runOnlyForDeploymentPostprocessing = 0;
		};
/* End PBXResourcesBuildPhase section */

/* Begin PBXSourcesBuildPhase section */
		85AD0C9D1DF7729400810AB4 /* Sources */ = {
			isa = PBXSourcesBuildPhase;
			buildActionMask = 2147483647;
			files = (
				854340591DF8AB0500E49443 /* Entry.swift in Sources */,
				854340581DF8AB0500E49443 /* Entry+CoreDataProperties.swift in Sources */,
				857E1A3D1DFF1D1F0099918F /* Location+CoreDataProperties.swift in Sources */,
				857E1A2A1DFDAF6C0099918F /* LocationManager.swift in Sources */,
				856E66601DF9C4E800AF5070 /* EntryFetchedResultsController.swift in Sources */,
				85AD0CAD1DF7729500810AB4 /* DiaryApp.xcdatamodeld in Sources */,
				85AD0CA71DF7729500810AB4 /* EntryListController.swift in Sources */,
				85E43F601DF77AAF00261126 /* EntryViewController.swift in Sources */,
				85AD0CA51DF7729500810AB4 /* AppDelegate.swift in Sources */,
				856E66691DF9DEDD00AF5070 /* EntryDataSource.swift in Sources */,
				857E1A3E1DFF1D1F0099918F /* Location.swift in Sources */,
				85E43F5E1DF779C600261126 /* SplitViewController.swift in Sources */,
			);
			runOnlyForDeploymentPostprocessing = 0;
		};
		85AD0CB41DF7729500810AB4 /* Sources */ = {
			isa = PBXSourcesBuildPhase;
			buildActionMask = 2147483647;
			files = (
				85AD0CBD1DF7729500810AB4 /* DiaryAppTests.swift in Sources */,
			);
			runOnlyForDeploymentPostprocessing = 0;
		};
/* End PBXSourcesBuildPhase section */

/* Begin PBXTargetDependency section */
		85AD0CBA1DF7729500810AB4 /* PBXTargetDependency */ = {
			isa = PBXTargetDependency;
			target = 85AD0CA01DF7729400810AB4 /* DiaryApp */;
			targetProxy = 85AD0CB91DF7729500810AB4 /* PBXContainerItemProxy */;
		};
/* End PBXTargetDependency section */

/* Begin PBXVariantGroup section */
		85AD0CB01DF7729500810AB4 /* LaunchScreen.storyboard */ = {
			isa = PBXVariantGroup;
			children = (
				85AD0CB11DF7729500810AB4 /* Base */,
			);
			name = LaunchScreen.storyboard;
			sourceTree = "<group>";
		};
/* End PBXVariantGroup section */

/* Begin XCBuildConfiguration section */
		85AD0CBF1DF7729500810AB4 /* Debug */ = {
			isa = XCBuildConfiguration;
			buildSettings = {
				ALWAYS_SEARCH_USER_PATHS = NO;
				CLANG_ANALYZER_NONNULL = YES;
				CLANG_CXX_LANGUAGE_STANDARD = "gnu++0x";
				CLANG_CXX_LIBRARY = "libc++";
				CLANG_ENABLE_MODULES = YES;
				CLANG_ENABLE_OBJC_ARC = YES;
				CLANG_WARN_BOOL_CONVERSION = YES;
				CLANG_WARN_CONSTANT_CONVERSION = YES;
				CLANG_WARN_DIRECT_OBJC_ISA_USAGE = YES_ERROR;
				CLANG_WARN_EMPTY_BODY = YES;
				CLANG_WARN_ENUM_CONVERSION = YES;
				CLANG_WARN_INT_CONVERSION = YES;
				CLANG_WARN_OBJC_ROOT_CLASS = YES_ERROR;
				CLANG_WARN_UNREACHABLE_CODE = YES;
				CLANG_WARN__DUPLICATE_METHOD_MATCH = YES;
				"CODE_SIGN_IDENTITY[sdk=iphoneos*]" = "iPhone Developer";
				COPY_PHASE_STRIP = NO;
				DEBUG_INFORMATION_FORMAT = dwarf;
				ENABLE_STRICT_OBJC_MSGSEND = YES;
				ENABLE_TESTABILITY = YES;
				GCC_C_LANGUAGE_STANDARD = gnu99;
				GCC_DYNAMIC_NO_PIC = NO;
				GCC_NO_COMMON_BLOCKS = YES;
				GCC_OPTIMIZATION_LEVEL = 0;
				GCC_PREPROCESSOR_DEFINITIONS = (
					"DEBUG=1",
					"$(inherited)",
				);
				GCC_WARN_64_TO_32_BIT_CONVERSION = YES;
				GCC_WARN_ABOUT_RETURN_TYPE = YES_ERROR;
				GCC_WARN_UNDECLARED_SELECTOR = YES;
				GCC_WARN_UNINITIALIZED_AUTOS = YES_AGGRESSIVE;
				GCC_WARN_UNUSED_FUNCTION = YES;
				GCC_WARN_UNUSED_VARIABLE = YES;
				IPHONEOS_DEPLOYMENT_TARGET = 9.3;
				MTL_ENABLE_DEBUG_INFO = YES;
				ONLY_ACTIVE_ARCH = YES;
				SDKROOT = iphoneos;
				SWIFT_OPTIMIZATION_LEVEL = "-Onone";
			};
			name = Debug;
		};
		85AD0CC01DF7729500810AB4 /* Release */ = {
			isa = XCBuildConfiguration;
			buildSettings = {
				ALWAYS_SEARCH_USER_PATHS = NO;
				CLANG_ANALYZER_NONNULL = YES;
				CLANG_CXX_LANGUAGE_STANDARD = "gnu++0x";
				CLANG_CXX_LIBRARY = "libc++";
				CLANG_ENABLE_MODULES = YES;
				CLANG_ENABLE_OBJC_ARC = YES;
				CLANG_WARN_BOOL_CONVERSION = YES;
				CLANG_WARN_CONSTANT_CONVERSION = YES;
				CLANG_WARN_DIRECT_OBJC_ISA_USAGE = YES_ERROR;
				CLANG_WARN_EMPTY_BODY = YES;
				CLANG_WARN_ENUM_CONVERSION = YES;
				CLANG_WARN_INT_CONVERSION = YES;
				CLANG_WARN_OBJC_ROOT_CLASS = YES_ERROR;
				CLANG_WARN_UNREACHABLE_CODE = YES;
				CLANG_WARN__DUPLICATE_METHOD_MATCH = YES;
				"CODE_SIGN_IDENTITY[sdk=iphoneos*]" = "iPhone Developer";
				COPY_PHASE_STRIP = NO;
				DEBUG_INFORMATION_FORMAT = "dwarf-with-dsym";
				ENABLE_NS_ASSERTIONS = NO;
				ENABLE_STRICT_OBJC_MSGSEND = YES;
				GCC_C_LANGUAGE_STANDARD = gnu99;
				GCC_NO_COMMON_BLOCKS = YES;
				GCC_WARN_64_TO_32_BIT_CONVERSION = YES;
				GCC_WARN_ABOUT_RETURN_TYPE = YES_ERROR;
				GCC_WARN_UNDECLARED_SELECTOR = YES;
				GCC_WARN_UNINITIALIZED_AUTOS = YES_AGGRESSIVE;
				GCC_WARN_UNUSED_FUNCTION = YES;
				GCC_WARN_UNUSED_VARIABLE = YES;
				IPHONEOS_DEPLOYMENT_TARGET = 9.3;
				MTL_ENABLE_DEBUG_INFO = NO;
				SDKROOT = iphoneos;
				VALIDATE_PRODUCT = YES;
			};
			name = Release;
		};
		85AD0CC21DF7729500810AB4 /* Debug */ = {
			isa = XCBuildConfiguration;
			buildSettings = {
				ASSETCATALOG_COMPILER_APPICON_NAME = AppIcon;
				INFOPLIST_FILE = DiaryApp/Info.plist;
				LD_RUNPATH_SEARCH_PATHS = "$(inherited) @executable_path/Frameworks";
				PRODUCT_BUNDLE_IDENTIFIER = com.gametime.DiaryApp;
				PRODUCT_NAME = "$(TARGET_NAME)";
			};
			name = Debug;
		};
		85AD0CC31DF7729500810AB4 /* Release */ = {
			isa = XCBuildConfiguration;
			buildSettings = {
				ASSETCATALOG_COMPILER_APPICON_NAME = AppIcon;
				INFOPLIST_FILE = DiaryApp/Info.plist;
				LD_RUNPATH_SEARCH_PATHS = "$(inherited) @executable_path/Frameworks";
				PRODUCT_BUNDLE_IDENTIFIER = com.gametime.DiaryApp;
				PRODUCT_NAME = "$(TARGET_NAME)";
			};
			name = Release;
		};
		85AD0CC51DF7729500810AB4 /* Debug */ = {
			isa = XCBuildConfiguration;
			buildSettings = {
				BUNDLE_LOADER = "$(TEST_HOST)";
				INFOPLIST_FILE = DiaryAppTests/Info.plist;
				LD_RUNPATH_SEARCH_PATHS = "$(inherited) @executable_path/Frameworks @loader_path/Frameworks";
				PRODUCT_BUNDLE_IDENTIFIER = com.gametime.DiaryAppTests;
				PRODUCT_NAME = "$(TARGET_NAME)";
				TEST_HOST = "$(BUILT_PRODUCTS_DIR)/DiaryApp.app/DiaryApp";
			};
			name = Debug;
		};
		85AD0CC61DF7729500810AB4 /* Release */ = {
			isa = XCBuildConfiguration;
			buildSettings = {
				BUNDLE_LOADER = "$(TEST_HOST)";
				INFOPLIST_FILE = DiaryAppTests/Info.plist;
				LD_RUNPATH_SEARCH_PATHS = "$(inherited) @executable_path/Frameworks @loader_path/Frameworks";
				PRODUCT_BUNDLE_IDENTIFIER = com.gametime.DiaryAppTests;
				PRODUCT_NAME = "$(TARGET_NAME)";
				TEST_HOST = "$(BUILT_PRODUCTS_DIR)/DiaryApp.app/DiaryApp";
			};
			name = Release;
		};
/* End XCBuildConfiguration section */

/* Begin XCConfigurationList section */
		85AD0C9C1DF7729400810AB4 /* Build configuration list for PBXProject "DiaryApp" */ = {
			isa = XCConfigurationList;
			buildConfigurations = (
				85AD0CBF1DF7729500810AB4 /* Debug */,
				85AD0CC01DF7729500810AB4 /* Release */,
			);
			defaultConfigurationIsVisible = 0;
			defaultConfigurationName = Release;
		};
		85AD0CC11DF7729500810AB4 /* Build configuration list for PBXNativeTarget "DiaryApp" */ = {
			isa = XCConfigurationList;
			buildConfigurations = (
				85AD0CC21DF7729500810AB4 /* Debug */,
				85AD0CC31DF7729500810AB4 /* Release */,
			);
			defaultConfigurationIsVisible = 0;
			defaultConfigurationName = Release;
		};
		85AD0CC41DF7729500810AB4 /* Build configuration list for PBXNativeTarget "DiaryAppTests" */ = {
			isa = XCConfigurationList;
			buildConfigurations = (
				85AD0CC51DF7729500810AB4 /* Debug */,
				85AD0CC61DF7729500810AB4 /* Release */,
			);
			defaultConfigurationIsVisible = 0;
			defaultConfigurationName = Release;
		};
/* End XCConfigurationList section */

/* Begin XCVersionGroup section */
		85AD0CAB1DF7729500810AB4 /* DiaryApp.xcdatamodeld */ = {
			isa = XCVersionGroup;
			children = (
				85AD0CAC1DF7729500810AB4 /* DiaryApp.xcdatamodel */,
			);
			currentVersion = 85AD0CAC1DF7729500810AB4 /* DiaryApp.xcdatamodel */;
			path = DiaryApp.xcdatamodeld;
			sourceTree = "<group>";
			versionGroupType = wrapper.xcdatamodel;
		};
/* End XCVersionGroup section */
	};
	rootObject = 85AD0C991DF7729400810AB4 /* Project object */;
}
